
Microsoft Visual Studio Solution File, Format Version 12.00
# Visual Studio Version 17
VisualStudioVersion = 17.11.35222.181
MinimumVisualStudioVersion = 10.0.40219.1
Project("{FAE04EC0-301F-11D3-BF4B-00C04F79EFBC}") = "CatalogService.Presentation", "CatalogService.Presentation\CatalogService.Presentation.csproj", "{8AC31AC0-FBD7-4025-B9A1-DE962481076E}"
EndProject
Project("{FAE04EC0-301F-11D3-BF4B-00C04F79EFBC}") = "CatalogService.Domain", "CatalogService.Domain\CatalogService.Domain.csproj", "{F9A7A391-AC5E-4F15-9B17-6A3505A9450B}"
EndProject
Project("{FAE04EC0-301F-11D3-BF4B-00C04F79EFBC}") = "CatalogService.Infrastructure", "CatalogService.Infrastructure\CatalogService.Infrastructure.csproj", "{1500273D-B328-47DB-99C0-160F083EC4AE}"
EndProject
Project("{FAE04EC0-301F-11D3-BF4B-00C04F79EFBC}") = "CatalogService.Application", "CatalogService.Application\CatalogService.Application.csproj", "{11402631-5518-4742-B3C4-801E2B7CD85B}"
EndProject
Global
	GlobalSection(SolutionConfigurationPlatforms) = preSolution
		Debug|Any CPU = Debug|Any CPU
		Release|Any CPU = Release|Any CPU
	EndGlobalSection
	GlobalSection(ProjectConfigurationPlatforms) = postSolution
		{8AC31AC0-FBD7-4025-B9A1-DE962481076E}.Debug|Any CPU.ActiveCfg = Debug|Any CPU
		{8AC31AC0-FBD7-4025-B9A1-DE962481076E}.Debug|Any CPU.Build.0 = Debug|Any CPU
		{8AC31AC0-FBD7-4025-B9A1-DE962481076E}.Release|Any CPU.ActiveCfg = Release|Any CPU
		{8AC31AC0-FBD7-4025-B9A1-DE962481076E}.Release|Any CPU.Build.0 = Release|Any CPU
		{F9A7A391-AC5E-4F15-9B17-6A3505A9450B}.Debug|Any CPU.ActiveCfg = Debug|Any CPU
		{F9A7A391-AC5E-4F15-9B17-6A3505A9450B}.Debug|Any CPU.Build.0 = Debug|Any CPU
		{F9A7A391-AC5E-4F15-9B17-6A3505A9450B}.Release|Any CPU.ActiveCfg = Release|Any CPU
		{F9A7A391-AC5E-4F15-9B17-6A3505A9450B}.Release|Any CPU.Build.0 = Release|Any CPU
		{1500273D-B328-47DB-99C0-160F083EC4AE}.Debug|Any CPU.ActiveCfg = Debug|Any CPU
		{1500273D-B328-47DB-99C0-160F083EC4AE}.Debug|Any CPU.Build.0 = Debug|Any CPU
		{1500273D-B328-47DB-99C0-160F083EC4AE}.Release|Any CPU.ActiveCfg = Release|Any CPU
		{1500273D-B328-47DB-99C0-160F083EC4AE}.Release|Any CPU.Build.0 = Release|Any CPU
		{11402631-5518-4742-B3C4-801E2B7CD85B}.Debug|Any CPU.ActiveCfg = Debug|Any CPU
		{11402631-5518-4742-B3C4-801E2B7CD85B}.Debug|Any CPU.Build.0 = Debug|Any CPU
		{11402631-5518-4742-B3C4-801E2B7CD85B}.Release|Any CPU.ActiveCfg = Release|Any CPU
		{11402631-5518-4742-B3C4-801E2B7CD85B}.Release|Any CPU.Build.0 = Release|Any CPU
	EndGlobalSection
	GlobalSection(SolutionProperties) = preSolution
		HideSolutionNode = FALSE
	EndGlobalSection
	GlobalSection(ExtensibilityGlobals) = postSolution
		SolutionGuid = {F6506581-D9EA-4B8F-B07A-3C0A30B53098}
	EndGlobalSection
EndGlobal
